
Microsoft Visual Studio Solution File, Format Version 12.00
# Visual Studio 2013
VisualStudioVersion = 12.0.21005.1
MinimumVisualStudioVersion = 10.0.40219.1
Project("{FAE04EC0-301F-11D3-BF4B-00C04F79EFBC}") = "JCEQuests", "JCEQuests\JCEQuests.csproj", "{0808CAA9-1BC3-4D23-85A9-865055FF0E0C}"
EndProject
Project("{FAE04EC0-301F-11D3-BF4B-00C04F79EFBC}") = "JsonConfigEditor", "..\JsonConfigEditor\JsonConfigEditor\JsonConfigEditor.csproj", "{7DBB1A70-D84F-401A-B8E9-52BAB95A9008}"
EndProject
Project("{FAE04EC0-301F-11D3-BF4B-00C04F79EFBC}") = "PNetJson", "..\PNetJson\PNetJson\PNetJson.csproj", "{6E6426C6-BA6F-4766-92E4-7E6B594F0392}"
EndProject
Project("{FAE04EC0-301F-11D3-BF4B-00C04F79EFBC}") = "FastColoredTextBox", "..\FastColoredTextBox\FastColoredTextBox\FastColoredTextBox.csproj", "{6DD14A85-CCFC-4774-BD26-0F5772512319}"
EndProject
Project("{FAE04EC0-301F-11D3-BF4B-00C04F79EFBC}") = "Test", "Test\Test.csproj", "{EE299F17-3250-4A58-8BE0-6BF1F5466C46}"
EndProject
Project("{FAE04EC0-301F-11D3-BF4B-00C04F79EFBC}") = "ControlsListBox", "..\ControlsListBox\ControlsListBox.csproj", "{792D5ABA-A7A4-4E9B-A181-36B234DEFCEB}"
EndProject
Global
	GlobalSection(SolutionConfigurationPlatforms) = preSolution
		Debug|Any CPU = Debug|Any CPU
		Debug|Mixed Platforms = Debug|Mixed Platforms
		Debug|x86 = Debug|x86
		Release|Any CPU = Release|Any CPU
		Release|Mixed Platforms = Release|Mixed Platforms
		Release|x86 = Release|x86
	EndGlobalSection
	GlobalSection(ProjectConfigurationPlatforms) = postSolution
		{0808CAA9-1BC3-4D23-85A9-865055FF0E0C}.Debug|Any CPU.ActiveCfg = Debug|Any CPU
		{0808CAA9-1BC3-4D23-85A9-865055FF0E0C}.Debug|Any CPU.Build.0 = Debug|Any CPU
		{0808CAA9-1BC3-4D23-85A9-865055FF0E0C}.Debug|Mixed Platforms.ActiveCfg = Debug|Any CPU
		{0808CAA9-1BC3-4D23-85A9-865055FF0E0C}.Debug|Mixed Platforms.Build.0 = Debug|Any CPU
		{0808CAA9-1BC3-4D23-85A9-865055FF0E0C}.Debug|x86.ActiveCfg = Debug|Any CPU
		{0808CAA9-1BC3-4D23-85A9-865055FF0E0C}.Release|Any CPU.ActiveCfg = Release|Any CPU
		{0808CAA9-1BC3-4D23-85A9-865055FF0E0C}.Release|Any CPU.Build.0 = Release|Any CPU
		{0808CAA9-1BC3-4D23-85A9-865055FF0E0C}.Release|Mixed Platforms.ActiveCfg = Release|Any CPU
		{0808CAA9-1BC3-4D23-85A9-865055FF0E0C}.Release|Mixed Platforms.Build.0 = Release|Any CPU
		{0808CAA9-1BC3-4D23-85A9-865055FF0E0C}.Release|x86.ActiveCfg = Release|Any CPU
		{7DBB1A70-D84F-401A-B8E9-52BAB95A9008}.Debug|Any CPU.ActiveCfg = Debug|x86
		{7DBB1A70-D84F-401A-B8E9-52BAB95A9008}.Debug|Mixed Platforms.ActiveCfg = Debug|x86
		{7DBB1A70-D84F-401A-B8E9-52BAB95A9008}.Debug|Mixed Platforms.Build.0 = Debug|x86
		{7DBB1A70-D84F-401A-B8E9-52BAB95A9008}.Debug|x86.ActiveCfg = Debug|x86
		{7DBB1A70-D84F-401A-B8E9-52BAB95A9008}.Debug|x86.Build.0 = Debug|x86
		{7DBB1A70-D84F-401A-B8E9-52BAB95A9008}.Release|Any CPU.ActiveCfg = Release|x86
		{7DBB1A70-D84F-401A-B8E9-52BAB95A9008}.Release|Mixed Platforms.ActiveCfg = Release|x86
		{7DBB1A70-D84F-401A-B8E9-52BAB95A9008}.Release|Mixed Platforms.Build.0 = Release|x86
		{7DBB1A70-D84F-401A-B8E9-52BAB95A9008}.Release|x86.ActiveCfg = Release|x86
		{7DBB1A70-D84F-401A-B8E9-52BAB95A9008}.Release|x86.Build.0 = Release|x86
		{6E6426C6-BA6F-4766-92E4-7E6B594F0392}.Debug|Any CPU.ActiveCfg = Debug|Any CPU
		{6E6426C6-BA6F-4766-92E4-7E6B594F0392}.Debug|Any CPU.Build.0 = Debug|Any CPU
		{6E6426C6-BA6F-4766-92E4-7E6B594F0392}.Debug|Mixed Platforms.ActiveCfg = Debug|Any CPU
		{6E6426C6-BA6F-4766-92E4-7E6B594F0392}.Debug|Mixed Platforms.Build.0 = Debug|Any CPU
		{6E6426C6-BA6F-4766-92E4-7E6B594F0392}.Debug|x86.ActiveCfg = Debug|Any CPU
		{6E6426C6-BA6F-4766-92E4-7E6B594F0392}.Release|Any CPU.ActiveCfg = Release|Any CPU
		{6E6426C6-BA6F-4766-92E4-7E6B594F0392}.Release|Any CPU.Build.0 = Release|Any CPU
		{6E6426C6-BA6F-4766-92E4-7E6B594F0392}.Release|Mixed Platforms.ActiveCfg = Release|Any CPU
		{6E6426C6-BA6F-4766-92E4-7E6B594F0392}.Release|Mixed Platforms.Build.0 = Release|Any CPU
		{6E6426C6-BA6F-4766-92E4-7E6B594F0392}.Release|x86.ActiveCfg = Release|Any CPU
		{6DD14A85-CCFC-4774-BD26-0F5772512319}.Debug|Any CPU.ActiveCfg = Debug|Any CPU
		{6DD14A85-CCFC-4774-BD26-0F5772512319}.Debug|Any CPU.Build.0 = Debug|Any CPU
		{6DD14A85-CCFC-4774-BD26-0F5772512319}.Debug|Mixed Platforms.ActiveCfg = Debug|Any CPU
		{6DD14A85-CCFC-4774-BD26-0F5772512319}.Debug|Mixed Platforms.Build.0 = Debug|Any CPU
		{6DD14A85-CCFC-4774-BD26-0F5772512319}.Debug|x86.ActiveCfg = Debug|Any CPU
		{6DD14A85-CCFC-4774-BD26-0F5772512319}.Release|Any CPU.ActiveCfg = Release|Any CPU
		{6DD14A85-CCFC-4774-BD26-0F5772512319}.Release|Any CPU.Build.0 = Release|Any CPU
		{6DD14A85-CCFC-4774-BD26-0F5772512319}.Release|Mixed Platforms.ActiveCfg = Release|Any CPU
		{6DD14A85-CCFC-4774-BD26-0F5772512319}.Release|Mixed Platforms.Build.0 = Release|Any CPU
		{6DD14A85-CCFC-4774-BD26-0F5772512319}.Release|x86.ActiveCfg = Release|Any CPU
		{EE299F17-3250-4A58-8BE0-6BF1F5466C46}.Debug|Any CPU.ActiveCfg = Debug|Any CPU
		{EE299F17-3250-4A58-8BE0-6BF1F5466C46}.Debug|Any CPU.Build.0 = Debug|Any CPU
		{EE299F17-3250-4A58-8BE0-6BF1F5466C46}.Debug|Mixed Platforms.ActiveCfg = Debug|Any CPU
		{EE299F17-3250-4A58-8BE0-6BF1F5466C46}.Debug|Mixed Platforms.Build.0 = Debug|Any CPU
		{EE299F17-3250-4A58-8BE0-6BF1F5466C46}.Debug|x86.ActiveCfg = Debug|Any CPU
		{EE299F17-3250-4A58-8BE0-6BF1F5466C46}.Release|Any CPU.ActiveCfg = Release|Any CPU
		{EE299F17-3250-4A58-8BE0-6BF1F5466C46}.Release|Any CPU.Build.0 = Release|Any CPU
		{EE299F17-3250-4A58-8BE0-6BF1F5466C46}.Release|Mixed Platforms.ActiveCfg = Release|Any CPU
		{EE299F17-3250-4A58-8BE0-6BF1F5466C46}.Release|Mixed Platforms.Build.0 = Release|Any CPU
		{EE299F17-3250-4A58-8BE0-6BF1F5466C46}.Release|x86.ActiveCfg = Release|Any CPU
		{792D5ABA-A7A4-4E9B-A181-36B234DEFCEB}.Debug|Any CPU.ActiveCfg = Debug|Any CPU
		{792D5ABA-A7A4-4E9B-A181-36B234DEFCEB}.Debug|Any CPU.Build.0 = Debug|Any CPU
		{792D5ABA-A7A4-4E9B-A181-36B234DEFCEB}.Debug|Mixed Platforms.ActiveCfg = Debug|Any CPU
		{792D5ABA-A7A4-4E9B-A181-36B234DEFCEB}.Debug|Mixed Platforms.Build.0 = Debug|Any CPU
		{792D5ABA-A7A4-4E9B-A181-36B234DEFCEB}.Debug|x86.ActiveCfg = Debug|Any CPU
		{792D5ABA-A7A4-4E9B-A181-36B234DEFCEB}.Release|Any CPU.ActiveCfg = Release|Any CPU
		{792D5ABA-A7A4-4E9B-A181-36B234DEFCEB}.Release|Any CPU.Build.0 = Release|Any CPU
		{792D5ABA-A7A4-4E9B-A181-36B234DEFCEB}.Release|Mixed Platforms.ActiveCfg = Release|Any CPU
		{792D5ABA-A7A4-4E9B-A181-36B234DEFCEB}.Release|Mixed Platforms.Build.0 = Release|Any CPU
		{792D5ABA-A7A4-4E9B-A181-36B234DEFCEB}.Release|x86.ActiveCfg = Release|Any CPU
	EndGlobalSection
	GlobalSection(SolutionProperties) = preSolution
		HideSolutionNode = FALSE
	EndGlobalSection
EndGlobal
